
Microsoft Visual Studio Solution File, Format Version 12.00
# Visual Studio 14
VisualStudioVersion = 14.0.23107.0
MinimumVisualStudioVersion = 10.0.40219.1
Project("{FAE04EC0-301F-11D3-BF4B-00C04F79EFBC}") = "FileNameHistogram", "FileNameHistogram\FileNameHistogram.csproj", "{23B4D8CE-653C-4DF4-9139-2240F42A9258}"
EndProject
Project("{FAE04EC0-301F-11D3-BF4B-00C04F79EFBC}") = "ToUpper", "ToUpper\ToUpper.csproj", "{76CEC308-88DC-484F-9445-76BD785664FE}"
EndProject
Project("{FAE04EC0-301F-11D3-BF4B-00C04F79EFBC}") = "BooksAndAuthors", "BooksAndAuthors\BooksAndAuthors.csproj", "{BD93C059-607B-4BF7-BEBB-A929F2545B82}"
EndProject
Global
	GlobalSection(SolutionConfigurationPlatforms) = preSolution
		Debug|Any CPU = Debug|Any CPU
		Release|Any CPU = Release|Any CPU
	EndGlobalSection
	GlobalSection(ProjectConfigurationPlatforms) = postSolution
		{23B4D8CE-653C-4DF4-9139-2240F42A9258}.Debug|Any CPU.ActiveCfg = Debug|Any CPU
		{23B4D8CE-653C-4DF4-9139-2240F42A9258}.Debug|Any CPU.Build.0 = Debug|Any CPU
		{23B4D8CE-653C-4DF4-9139-2240F42A9258}.Release|Any CPU.ActiveCfg = Release|Any CPU
		{23B4D8CE-653C-4DF4-9139-2240F42A9258}.Release|Any CPU.Build.0 = Release|Any CPU
		{76CEC308-88DC-484F-9445-76BD785664FE}.Debug|Any CPU.ActiveCfg = Debug|Any CPU
		{76CEC308-88DC-484F-9445-76BD785664FE}.Debug|Any CPU.Build.0 = Debug|Any CPU
		{76CEC308-88DC-484F-9445-76BD785664FE}.Release|Any CPU.ActiveCfg = Release|Any CPU
		{76CEC308-88DC-484F-9445-76BD785664FE}.Release|Any CPU.Build.0 = Release|Any CPU
		{BD93C059-607B-4BF7-BEBB-A929F2545B82}.Debug|Any CPU.ActiveCfg = Debug|Any CPU
		{BD93C059-607B-4BF7-BEBB-A929F2545B82}.Debug|Any CPU.Build.0 = Debug|Any CPU
		{BD93C059-607B-4BF7-BEBB-A929F2545B82}.Release|Any CPU.ActiveCfg = Release|Any CPU
		{BD93C059-607B-4BF7-BEBB-A929F2545B82}.Release|Any CPU.Build.0 = Release|Any CPU
	EndGlobalSection
	GlobalSection(SolutionProperties) = preSolution
		HideSolutionNode = FALSE
	EndGlobalSection
EndGlobal
